// !$*UTF8*$!
{
	archiveVersion = 1;
	classes = {
	};
	objectVersion = 90;
	objects = {

/* Begin PBXBuildFile section */
		766207F02E3AC50D00C75C6C /* NIO in Frameworks */ = {isa = PBXBuildFile; productRef = 766207EF2E3AC50D00C75C6C /* NIO */; };
		766207F92E3AD91200C75C6C /* SwiftProtobuf in Frameworks */ = {isa = PBXBuildFile; productRef = 766207F82E3AD91200C75C6C /* SwiftProtobuf */; };
		76A2B12F2E2857B200BCA3F9 /* FSKitExt.appex in Embed ExtensionKit Extensions */ = {isa = PBXBuildFile; fileRef = 76A2B1252E2857B200BCA3F9 /* FSKitExt.appex */; settings = {ATTRIBUTES = (RemoveHeadersOnCopy, ); }; };
/* End PBXBuildFile section */

/* Begin PBXBuildRule section */
		76AA5CF32E9B46960040DF4A /* PBXBuildRule */ = {
			isa = PBXBuildRule;
			compilerSpec = com.apple.compilers.proxy.script;
			fileType = sourcecode.protobuf;
			outputFiles = (
				"$(DERIVED_SOURCES_DIR)/GeneratedProtos/$(INPUT_FILE_BASE).pb.swift",
			);
			runOncePerArchitecture = 0;
			script = (
				"set -euo pipefail",
				"",
				"PATH=\"/opt/homebrew/bin:/usr/local/bin:$PATH\" ",
				"",
				"OUT_DIR=\"${DERIVED_SOURCES_DIR}/GeneratedProtos\"",
				"mkdir -p \"$OUT_DIR\"",
				"",
				"protoc --proto_path=\"${SRCROOT}/FSKitExt\" --swift_out=\"$OUT_DIR\" \"$INPUT_FILE_PATH\"",
				"",
			);
		};
/* End PBXBuildRule section */

/* Begin PBXContainerItemProxy section */
		76A2B12D2E2857B200BCA3F9 /* PBXContainerItemProxy */ = {
			isa = PBXContainerItemProxy;
			containerPortal = 76A2B1032E28555D00BCA3F9 /* Project object */;
			proxyType = 1;
			remoteGlobalIDString = 76A2B1242E2857B200BCA3F9;
			remoteInfo = FSKitExt;
		};
/* End PBXContainerItemProxy section */

/* Begin PBXCopyFilesBuildPhase section */
		76A2B1342E2857B200BCA3F9 /* Embed ExtensionKit Extensions */ = {
			isa = PBXCopyFilesBuildPhase;
			dstPath = "$(EXTENSIONS_FOLDER_PATH)";
			dstSubfolder = Product;
			files = (
				76A2B12F2E2857B200BCA3F9 /* FSKitExt.appex in Embed ExtensionKit Extensions */,
			);
			name = "Embed ExtensionKit Extensions";
		};
/* End PBXCopyFilesBuildPhase section */

/* Begin PBXFileReference section */
		76A2B10B2E28555D00BCA3F9 /* FSKitBridge.app */ = {isa = PBXFileReference; explicitFileType = wrapper.application; includeInIndex = 0; path = FSKitBridge.app; sourceTree = BUILT_PRODUCTS_DIR; };
		76A2B1252E2857B200BCA3F9 /* FSKitExt.appex */ = {isa = PBXFileReference; explicitFileType = "wrapper.extensionkit-extension"; includeInIndex = 0; path = FSKitExt.appex; sourceTree = BUILT_PRODUCTS_DIR; };
/* End PBXFileReference section */

/* Begin PBXFileSystemSynchronizedBuildFileExceptionSet section */
		7662BA4E2E2ECFE200982D2B /* Exceptions for "FSKitBridge" folder in "FSKitBridge" target */ = {
			isa = PBXFileSystemSynchronizedBuildFileExceptionSet;
			membershipExceptions = (
				Info.plist,
			);
			target = 76A2B10A2E28555D00BCA3F9 /* FSKitBridge */;
		};
		76A2B1302E2857B200BCA3F9 /* Exceptions for "FSKitExt" folder in "FSKitExt" target */ = {
			isa = PBXFileSystemSynchronizedBuildFileExceptionSet;
			membershipExceptions = (
				Info.plist,
			);
			target = 76A2B1242E2857B200BCA3F9 /* FSKitExt */;
		};
/* End PBXFileSystemSynchronizedBuildFileExceptionSet section */

/* Begin PBXFileSystemSynchronizedRootGroup section */
		76A2B10D2E28555D00BCA3F9 /* FSKitBridge */ = {
			isa = PBXFileSystemSynchronizedRootGroup;
			exceptions = (
				7662BA4E2E2ECFE200982D2B /* Exceptions for "FSKitBridge" folder in "FSKitBridge" target */,
			);
			path = FSKitBridge;
			sourceTree = "<group>";
		};
		76A2B1262E2857B200BCA3F9 /* FSKitExt */ = {
			isa = PBXFileSystemSynchronizedRootGroup;
			exceptions = (
				76A2B1302E2857B200BCA3F9 /* Exceptions for "FSKitExt" folder in "FSKitExt" target */,
			);
			path = FSKitExt;
			sourceTree = "<group>";
		};
/* End PBXFileSystemSynchronizedRootGroup section */

/* Begin PBXFrameworksBuildPhase section */
		76A2B1082E28555D00BCA3F9 /* Frameworks */ = {
			isa = PBXFrameworksBuildPhase;
			files = (
			);
		};
		76A2B1222E2857B200BCA3F9 /* Frameworks */ = {
			isa = PBXFrameworksBuildPhase;
			files = (
				766207F02E3AC50D00C75C6C /* NIO in Frameworks */,
				766207F92E3AD91200C75C6C /* SwiftProtobuf in Frameworks */,
			);
		};
/* End PBXFrameworksBuildPhase section */

/* Begin PBXGroup section */
		766207EE2E3AC50D00C75C6C /* Frameworks */ = {
			isa = PBXGroup;
			children = (
			);
			name = Frameworks;
			sourceTree = "<group>";
		};
		76A2B1022E28555D00BCA3F9 = {
			isa = PBXGroup;
			children = (
				76A2B10D2E28555D00BCA3F9 /* FSKitBridge */,
				76A2B1262E2857B200BCA3F9 /* FSKitExt */,
				766207EE2E3AC50D00C75C6C /* Frameworks */,
				76A2B10C2E28555D00BCA3F9 /* Products */,
			);
			sourceTree = "<group>";
		};
		76A2B10C2E28555D00BCA3F9 /* Products */ = {
			isa = PBXGroup;
			children = (
				76A2B10B2E28555D00BCA3F9 /* FSKitBridge.app */,
				76A2B1252E2857B200BCA3F9 /* FSKitExt.appex */,
			);
			name = Products;
			sourceTree = "<group>";
		};
/* End PBXGroup section */

/* Begin PBXNativeTarget section */
		76A2B10A2E28555D00BCA3F9 /* FSKitBridge */ = {
			isa = PBXNativeTarget;
			buildConfigurationList = 76A2B1172E28555E00BCA3F9 /* Build configuration list for PBXNativeTarget "FSKitBridge" */;
			buildPhases = (
				76A2B1072E28555D00BCA3F9 /* Sources */,
				76A2B1082E28555D00BCA3F9 /* Frameworks */,
				76A2B1092E28555D00BCA3F9 /* Resources */,
				76A2B1342E2857B200BCA3F9 /* Embed ExtensionKit Extensions */,
			);
			buildRules = (
			);
			dependencies = (
				76A2B12E2E2857B200BCA3F9 /* PBXTargetDependency */,
			);
			fileSystemSynchronizedGroups = (
				76A2B10D2E28555D00BCA3F9 /* FSKitBridge */,
			);
			name = FSKitBridge;
			productName = FSKitBridge;
			productReference = 76A2B10B2E28555D00BCA3F9 /* FSKitBridge.app */;
			productType = "com.apple.product-type.application";
		};
		76A2B1242E2857B200BCA3F9 /* FSKitExt */ = {
			isa = PBXNativeTarget;
			buildConfigurationList = 76A2B1312E2857B200BCA3F9 /* Build configuration list for PBXNativeTarget "FSKitExt" */;
			buildPhases = (
				76A2B1212E2857B200BCA3F9 /* Sources */,
				76A2B1222E2857B200BCA3F9 /* Frameworks */,
				76A2B1232E2857B200BCA3F9 /* Resources */,
			);
			buildRules = (
				76AA5CF32E9B46960040DF4A /* PBXBuildRule */,
			);
			fileSystemSynchronizedGroups = (
				76A2B1262E2857B200BCA3F9 /* FSKitExt */,
			);
			name = FSKitExt;
			packageProductDependencies = (
				766207EF2E3AC50D00C75C6C /* NIO */,
				766207F82E3AD91200C75C6C /* SwiftProtobuf */,
			);
			productName = FSKitExt;
			productReference = 76A2B1252E2857B200BCA3F9 /* FSKitExt.appex */;
			productType = "com.apple.product-type.extensionkit-extension";
		};
/* End PBXNativeTarget section */

/* Begin PBXProject section */
		76A2B1032E28555D00BCA3F9 /* Project object */ = {
			isa = PBXProject;
			attributes = {
				BuildIndependentTargetsInParallel = 1;
				LastSwiftUpdateCheck = 1640;
				LastUpgradeCheck = 1640;
				TargetAttributes = {
					76A2B10A2E28555D00BCA3F9 = {
						CreatedOnToolsVersion = 16.4;
					};
					76A2B1242E2857B200BCA3F9 = {
						CreatedOnToolsVersion = 16.4;
					};
				};
			};
			buildConfigurationList = 76A2B1062E28555D00BCA3F9 /* Build configuration list for PBXProject "FSKitBridge" */;
			developmentRegion = en;
			hasScannedForEncodings = 0;
			knownRegions = (
				en,
				Base,
			);
			mainGroup = 76A2B1022E28555D00BCA3F9;
			minimizedProjectReferenceProxies = 1;
			packageReferences = (
				766207ED2E3AC43C00C75C6C /* XCRemoteSwiftPackageReference "swift-nio" */,
				766207F72E3AD8E300C75C6C /* XCRemoteSwiftPackageReference "swift-protobuf" */,
			);
			preferredProjectObjectVersion = 90;
			productRefGroup = 76A2B10C2E28555D00BCA3F9 /* Products */;
			projectDirPath = "";
			projectRoot = "";
			targets = (
				76A2B10A2E28555D00BCA3F9 /* FSKitBridge */,
				76A2B1242E2857B200BCA3F9 /* FSKitExt */,
			);
		};
/* End PBXProject section */

/* Begin PBXResourcesBuildPhase section */
		76A2B1092E28555D00BCA3F9 /* Resources */ = {
			isa = PBXResourcesBuildPhase;
			files = (
			);
		};
		76A2B1232E2857B200BCA3F9 /* Resources */ = {
			isa = PBXResourcesBuildPhase;
			files = (
			);
		};
/* End PBXResourcesBuildPhase section */

/* Begin PBXSourcesBuildPhase section */
		76A2B1072E28555D00BCA3F9 /* Sources */ = {
			isa = PBXSourcesBuildPhase;
			files = (
			);
		};
		76A2B1212E2857B200BCA3F9 /* Sources */ = {
			isa = PBXSourcesBuildPhase;
			files = (
			);
		};
/* End PBXSourcesBuildPhase section */

/* Begin PBXTargetDependency section */
		76A2B12E2E2857B200BCA3F9 /* PBXTargetDependency */ = {
			isa = PBXTargetDependency;
			target = 76A2B1242E2857B200BCA3F9 /* FSKitExt */;
			targetProxy = 76A2B12D2E2857B200BCA3F9 /* PBXContainerItemProxy */;
		};
/* End PBXTargetDependency section */

/* Begin XCBuildConfiguration section */
		76A2B1152E28555E00BCA3F9 /* Debug configuration for PBXProject "FSKitBridge" */ = {
			isa = XCBuildConfiguration;
			buildSettings = {
				ALWAYS_SEARCH_USER_PATHS = NO;
				ASSETCATALOG_COMPILER_GENERATE_SWIFT_ASSET_SYMBOL_EXTENSIONS = YES;
				CLANG_ANALYZER_NONNULL = YES;
				CLANG_ANALYZER_NUMBER_OBJECT_CONVERSION = YES_AGGRESSIVE;
				CLANG_CXX_LANGUAGE_STANDARD = "gnu++20";
				CLANG_ENABLE_MODULES = YES;
				CLANG_ENABLE_OBJC_ARC = YES;
				CLANG_ENABLE_OBJC_WEAK = YES;
				CLANG_WARN_BLOCK_CAPTURE_AUTORELEASING = YES;
				CLANG_WARN_BOOL_CONVERSION = YES;
				CLANG_WARN_COMMA = YES;
				CLANG_WARN_CONSTANT_CONVERSION = YES;
				CLANG_WARN_DEPRECATED_OBJC_IMPLEMENTATIONS = YES;
				CLANG_WARN_DIRECT_OBJC_ISA_USAGE = YES_ERROR;
				CLANG_WARN_DOCUMENTATION_COMMENTS = YES;
				CLANG_WARN_EMPTY_BODY = YES;
				CLANG_WARN_ENUM_CONVERSION = YES;
				CLANG_WARN_INFINITE_RECURSION = YES;
				CLANG_WARN_INT_CONVERSION = YES;
				CLANG_WARN_NON_LITERAL_NULL_CONVERSION = YES;
				CLANG_WARN_OBJC_IMPLICIT_RETAIN_SELF = YES;
				CLANG_WARN_OBJC_LITERAL_CONVERSION = YES;
				CLANG_WARN_OBJC_ROOT_CLASS = YES_ERROR;
				CLANG_WARN_QUOTED_INCLUDE_IN_FRAMEWORK_HEADER = YES;
				CLANG_WARN_RANGE_LOOP_ANALYSIS = YES;
				CLANG_WARN_STRICT_PROTOTYPES = YES;
				CLANG_WARN_SUSPICIOUS_MOVE = YES;
				CLANG_WARN_UNGUARDED_AVAILABILITY = YES_AGGRESSIVE;
				CLANG_WARN_UNREACHABLE_CODE = YES;
				CLANG_WARN__DUPLICATE_METHOD_MATCH = YES;
				COPY_PHASE_STRIP = NO;
				DEBUG_INFORMATION_FORMAT = dwarf;
				DEVELOPMENT_TEAM = 67Q5XALFKD;
				ENABLE_STRICT_OBJC_MSGSEND = YES;
				ENABLE_TESTABILITY = YES;
				ENABLE_USER_SCRIPT_SANDBOXING = YES;
				GCC_C_LANGUAGE_STANDARD = gnu17;
				GCC_DYNAMIC_NO_PIC = NO;
				GCC_NO_COMMON_BLOCKS = YES;
				GCC_OPTIMIZATION_LEVEL = 0;
				GCC_PREPROCESSOR_DEFINITIONS = (
					"DEBUG=1",
					"$(inherited)",
				);
				GCC_WARN_64_TO_32_BIT_CONVERSION = YES;
				GCC_WARN_ABOUT_RETURN_TYPE = YES_ERROR;
				GCC_WARN_UNDECLARED_SELECTOR = YES;
				GCC_WARN_UNINITIALIZED_AUTOS = YES_AGGRESSIVE;
				GCC_WARN_UNUSED_FUNCTION = YES;
				GCC_WARN_UNUSED_VARIABLE = YES;
				LOCALIZATION_PREFERS_STRING_CATALOGS = YES;
				MACOSX_DEPLOYMENT_TARGET = 15.5;
				MTL_ENABLE_DEBUG_INFO = INCLUDE_SOURCE;
				MTL_FAST_MATH = YES;
				ONLY_ACTIVE_ARCH = YES;
				SDKROOT = macosx;
				SWIFT_ACTIVE_COMPILATION_CONDITIONS = "DEBUG $(inherited)";
				SWIFT_OPTIMIZATION_LEVEL = "-Onone";
			};
			name = Debug;
		};
		76A2B1162E28555E00BCA3F9 /* Release configuration for PBXProject "FSKitBridge" */ = {
			isa = XCBuildConfiguration;
			buildSettings = {
				ALWAYS_SEARCH_USER_PATHS = NO;
				ASSETCATALOG_COMPILER_GENERATE_SWIFT_ASSET_SYMBOL_EXTENSIONS = YES;
				CLANG_ANALYZER_NONNULL = YES;
				CLANG_ANALYZER_NUMBER_OBJECT_CONVERSION = YES_AGGRESSIVE;
				CLANG_CXX_LANGUAGE_STANDARD = "gnu++20";
				CLANG_ENABLE_MODULES = YES;
				CLANG_ENABLE_OBJC_ARC = YES;
				CLANG_ENABLE_OBJC_WEAK = YES;
				CLANG_WARN_BLOCK_CAPTURE_AUTORELEASING = YES;
				CLANG_WARN_BOOL_CONVERSION = YES;
				CLANG_WARN_COMMA = YES;
				CLANG_WARN_CONSTANT_CONVERSION = YES;
				CLANG_WARN_DEPRECATED_OBJC_IMPLEMENTATIONS = YES;
				CLANG_WARN_DIRECT_OBJC_ISA_USAGE = YES_ERROR;
				CLANG_WARN_DOCUMENTATION_COMMENTS = YES;
				CLANG_WARN_EMPTY_BODY = YES;
				CLANG_WARN_ENUM_CONVERSION = YES;
				CLANG_WARN_INFINITE_RECURSION = YES;
				CLANG_WARN_INT_CONVERSION = YES;
				CLANG_WARN_NON_LITERAL_NULL_CONVERSION = YES;
				CLANG_WARN_OBJC_IMPLICIT_RETAIN_SELF = YES;
				CLANG_WARN_OBJC_LITERAL_CONVERSION = YES;
				CLANG_WARN_OBJC_ROOT_CLASS = YES_ERROR;
				CLANG_WARN_QUOTED_INCLUDE_IN_FRAMEWORK_HEADER = YES;
				CLANG_WARN_RANGE_LOOP_ANALYSIS = YES;
				CLANG_WARN_STRICT_PROTOTYPES = YES;
				CLANG_WARN_SUSPICIOUS_MOVE = YES;
				CLANG_WARN_UNGUARDED_AVAILABILITY = YES_AGGRESSIVE;
				CLANG_WARN_UNREACHABLE_CODE = YES;
				CLANG_WARN__DUPLICATE_METHOD_MATCH = YES;
				COPY_PHASE_STRIP = NO;
				DEBUG_INFORMATION_FORMAT = "dwarf-with-dsym";
				DEVELOPMENT_TEAM = 67Q5XALFKD;
				ENABLE_NS_ASSERTIONS = NO;
				ENABLE_STRICT_OBJC_MSGSEND = YES;
				ENABLE_USER_SCRIPT_SANDBOXING = YES;
				GCC_C_LANGUAGE_STANDARD = gnu17;
				GCC_NO_COMMON_BLOCKS = YES;
				GCC_WARN_64_TO_32_BIT_CONVERSION = YES;
				GCC_WARN_ABOUT_RETURN_TYPE = YES_ERROR;
				GCC_WARN_UNDECLARED_SELECTOR = YES;
				GCC_WARN_UNINITIALIZED_AUTOS = YES_AGGRESSIVE;
				GCC_WARN_UNUSED_FUNCTION = YES;
				GCC_WARN_UNUSED_VARIABLE = YES;
				LOCALIZATION_PREFERS_STRING_CATALOGS = YES;
				MACOSX_DEPLOYMENT_TARGET = 15.5;
				MTL_ENABLE_DEBUG_INFO = NO;
				MTL_FAST_MATH = YES;
				SDKROOT = macosx;
				SWIFT_COMPILATION_MODE = wholemodule;
			};
			name = Release;
		};
		76A2B1182E28555E00BCA3F9 /* Debug configuration for PBXNativeTarget "FSKitBridge" */ = {
			isa = XCBuildConfiguration;
			buildSettings = {
				ASSETCATALOG_COMPILER_APPICON_NAME = AppIcon;
				ASSETCATALOG_COMPILER_GLOBAL_ACCENT_COLOR_NAME = AccentColor;
				CODE_SIGN_ENTITLEMENTS = FSKitBridge/FSKitBridge.entitlements;
				"CODE_SIGN_IDENTITY[sdk=macosx*]" = "Apple Development";
				CODE_SIGN_STYLE = Automatic;
				COMBINE_HIDPI_IMAGES = YES;
				CURRENT_PROJECT_VERSION = 1;
				DEVELOPMENT_TEAM = 67Q5XALFKD;
				ENABLE_HARDENED_RUNTIME = YES;
				ENABLE_PREVIEWS = YES;
				GENERATE_INFOPLIST_FILE = YES;
				INFOPLIST_FILE = FSKitBridge/Info.plist;
				INFOPLIST_KEY_NSHumanReadableCopyright = "";
				LD_RUNPATH_SEARCH_PATHS = (
					"$(inherited)",
					"@executable_path/../Frameworks",
				);
				MACOSX_DEPLOYMENT_TARGET = 26.0;
				MARKETING_VERSION = 1.0;
				PRODUCT_BUNDLE_IDENTIFIER = com.example.FSKitBridge;
				PRODUCT_NAME = "$(TARGET_NAME)";
				REGISTER_APP_GROUPS = YES;
				SWIFT_EMIT_LOC_STRINGS = YES;
				SWIFT_VERSION = 5.0;
			};
			name = Debug;
		};
		76A2B1192E28555E00BCA3F9 /* Release configuration for PBXNativeTarget "FSKitBridge" */ = {
			isa = XCBuildConfiguration;
			buildSettings = {
				ASSETCATALOG_COMPILER_APPICON_NAME = AppIcon;
				ASSETCATALOG_COMPILER_GLOBAL_ACCENT_COLOR_NAME = AccentColor;
				CODE_SIGN_ENTITLEMENTS = FSKitBridge/FSKitBridge.entitlements;
				"CODE_SIGN_IDENTITY[sdk=macosx*]" = "Apple Development";
				CODE_SIGN_STYLE = Automatic;
				COMBINE_HIDPI_IMAGES = YES;
				CURRENT_PROJECT_VERSION = 1;
				DEVELOPMENT_TEAM = 67Q5XALFKD;
				ENABLE_HARDENED_RUNTIME = YES;
				ENABLE_PREVIEWS = YES;
				GENERATE_INFOPLIST_FILE = YES;
				INFOPLIST_FILE = FSKitBridge/Info.plist;
				INFOPLIST_KEY_NSHumanReadableCopyright = "";
				LD_RUNPATH_SEARCH_PATHS = (
					"$(inherited)",
					"@executable_path/../Frameworks",
				);
				MACOSX_DEPLOYMENT_TARGET = 26.0;
				MARKETING_VERSION = 1.0;
				PRODUCT_BUNDLE_IDENTIFIER = com.example.FSKitBridge;
				PRODUCT_NAME = "$(TARGET_NAME)";
				REGISTER_APP_GROUPS = YES;
				SWIFT_EMIT_LOC_STRINGS = YES;
				SWIFT_VERSION = 5.0;
			};
			name = Release;
		};
		76A2B1322E2857B200BCA3F9 /* Debug configuration for PBXNativeTarget "FSKitExt" */ = {
			isa = XCBuildConfiguration;
			buildSettings = {
				CODE_SIGN_ENTITLEMENTS = FSKitExt/FSKitExt.entitlements;
				CODE_SIGN_STYLE = Automatic;
				CURRENT_PROJECT_VERSION = 1;
				DEVELOPMENT_TEAM = 67Q5XALFKD;
				ENABLE_HARDENED_RUNTIME = YES;
				GENERATE_INFOPLIST_FILE = YES;
				INFOPLIST_FILE = FSKitExt/Info.plist;
				INFOPLIST_KEY_CFBundleDisplayName = Debox;
				INFOPLIST_KEY_NSHumanReadableCopyright = "";
				LD_RUNPATH_SEARCH_PATHS = (
					"$(inherited)",
					"@executable_path/../Frameworks",
					"@executable_path/../../../../Frameworks",
				);
				MACOSX_DEPLOYMENT_TARGET = 26.0;
				MARKETING_VERSION = 1.0;
				PRODUCT_BUNDLE_IDENTIFIER = com.example.FSKitBridge.FSKitExt;
				PRODUCT_NAME = "$(TARGET_NAME)";
				SKIP_INSTALL = YES;
				SWIFT_EMIT_LOC_STRINGS = YES;
				SWIFT_VERSION = 5.0;
			};
			name = Debug;
		};
		76A2B1332E2857B200BCA3F9 /* Release configuration for PBXNativeTarget "FSKitExt" */ = {
			isa = XCBuildConfiguration;
			buildSettings = {
				CODE_SIGN_ENTITLEMENTS = FSKitExt/FSKitExt.entitlements;
				CODE_SIGN_STYLE = Automatic;
				CURRENT_PROJECT_VERSION = 1;
				DEVELOPMENT_TEAM = 67Q5XALFKD;
				ENABLE_HARDENED_RUNTIME = YES;
				GENERATE_INFOPLIST_FILE = YES;
				INFOPLIST_FILE = FSKitExt/Info.plist;
				INFOPLIST_KEY_CFBundleDisplayName = Debox;
				INFOPLIST_KEY_NSHumanReadableCopyright = "";
				LD_RUNPATH_SEARCH_PATHS = (
					"$(inherited)",
					"@executable_path/../Frameworks",
					"@executable_path/../../../../Frameworks",
				);
				MACOSX_DEPLOYMENT_TARGET = 26.0;
				MARKETING_VERSION = 1.0;
				PRODUCT_BUNDLE_IDENTIFIER = com.example.FSKitBridge.FSKitExt;
				PRODUCT_NAME = "$(TARGET_NAME)";
				SKIP_INSTALL = YES;
				SWIFT_EMIT_LOC_STRINGS = YES;
				SWIFT_VERSION = 5.0;
			};
			name = Release;
		};
/* End XCBuildConfiguration section */

/* Begin XCConfigurationList section */
		76A2B1062E28555D00BCA3F9 /* Build configuration list for PBXProject "FSKitBridge" */ = {
			isa = XCConfigurationList;
			buildConfigurations = (
				76A2B1152E28555E00BCA3F9 /* Debug configuration for PBXProject "FSKitBridge" */,
				76A2B1162E28555E00BCA3F9 /* Release configuration for PBXProject "FSKitBridge" */,
			);
			defaultConfigurationName = Release;
		};
		76A2B1172E28555E00BCA3F9 /* Build configuration list for PBXNativeTarget "FSKitBridge" */ = {
			isa = XCConfigurationList;
			buildConfigurations = (
				76A2B1182E28555E00BCA3F9 /* Debug configuration for PBXNativeTarget "FSKitBridge" */,
				76A2B1192E28555E00BCA3F9 /* Release configuration for PBXNativeTarget "FSKitBridge" */,
			);
			defaultConfigurationName = Release;
		};
		76A2B1312E2857B200BCA3F9 /* Build configuration list for PBXNativeTarget "FSKitExt" */ = {
			isa = XCConfigurationList;
			buildConfigurations = (
				76A2B1322E2857B200BCA3F9 /* Debug configuration for PBXNativeTarget "FSKitExt" */,
				76A2B1332E2857B200BCA3F9 /* Release configuration for PBXNativeTarget "FSKitExt" */,
			);
			defaultConfigurationName = Release;
		};
/* End XCConfigurationList section */

/* Begin XCRemoteSwiftPackageReference section */
		766207ED2E3AC43C00C75C6C /* XCRemoteSwiftPackageReference "swift-nio" */ = {
			isa = XCRemoteSwiftPackageReference;
			repositoryURL = "https://github.com/apple/swift-nio.git";
			requirement = {
				kind = upToNextMajorVersion;
				minimumVersion = 2.85.0;
			};
		};
		766207F72E3AD8E300C75C6C /* XCRemoteSwiftPackageReference "swift-protobuf" */ = {
			isa = XCRemoteSwiftPackageReference;
			repositoryURL = "https://github.com/apple/swift-protobuf.git";
			requirement = {
				kind = upToNextMajorVersion;
				minimumVersion = 1.30.0;
			};
		};
/* End XCRemoteSwiftPackageReference section */

/* Begin XCSwiftPackageProductDependency section */
		766207EF2E3AC50D00C75C6C /* NIO */ = {
			isa = XCSwiftPackageProductDependency;
			package = 766207ED2E3AC43C00C75C6C /* XCRemoteSwiftPackageReference "swift-nio" */;
			productName = NIO;
		};
		766207F82E3AD91200C75C6C /* SwiftProtobuf */ = {
			isa = XCSwiftPackageProductDependency;
			package = 766207F72E3AD8E300C75C6C /* XCRemoteSwiftPackageReference "swift-protobuf" */;
			productName = SwiftProtobuf;
		};
/* End XCSwiftPackageProductDependency section */
	};
	rootObject = 76A2B1032E28555D00BCA3F9 /* Project object */;
}
